
Microsoft Visual Studio Solution File, Format Version 12.00
# Visual Studio Version 17
VisualStudioVersion = 17.5.002.0
MinimumVisualStudioVersion = 10.0.40219.1
Project("{9A19103F-16F7-4668-BE54-9A1E7A4F7556}") = "Calculadora", "Calculadora.csproj", "{EA9CA5DF-322E-48EC-92DC-5B759EE40F14}"
EndProject
Global
	GlobalSection(SolutionConfigurationPlatforms) = preSolution
		Debug|Any CPU = Debug|Any CPU
		Release|Any CPU = Release|Any CPU
	EndGlobalSection
	GlobalSection(ProjectConfigurationPlatforms) = postSolution
		{EA9CA5DF-322E-48EC-92DC-5B759EE40F14}.Debug|Any CPU.ActiveCfg = Debug|Any CPU
		{EA9CA5DF-322E-48EC-92DC-5B759EE40F14}.Debug|Any CPU.Build.0 = Debug|Any CPU
		{EA9CA5DF-322E-48EC-92DC-5B759EE40F14}.Release|Any CPU.ActiveCfg = Release|Any CPU
		{EA9CA5DF-322E-48EC-92DC-5B759EE40F14}.Release|Any CPU.Build.0 = Release|Any CPU
	EndGlobalSection
	GlobalSection(SolutionProperties) = preSolution
		HideSolutionNode = FALSE
	EndGlobalSection
	GlobalSection(ExtensibilityGlobals) = postSolution
		SolutionGuid = {FEE16526-786F-4809-A6A1-F67578721888}
	EndGlobalSection
EndGlobal
